
Microsoft Visual Studio Solution File, Format Version 12.00
# Visual Studio Version 17
VisualStudioVersion = 17.12.35514.174
MinimumVisualStudioVersion = 10.0.40219.1
Project("{FAE04EC0-301F-11D3-BF4B-00C04F79EFBC}") = "OllamaApp", "OllamaApp\OllamaApp.csproj", "{B4DEB019-8D6F-40DC-8478-ED64434A137E}"
EndProject
Project("{FAE04EC0-301F-11D3-BF4B-00C04F79EFBC}") = "OllamaApp.Client", "OllamaApp.Client\OllamaApp.Client.csproj", "{AD3FD2D4-4A48-4CC3-B389-45E414DCF3D9}"
EndProject
Project("{FAE04EC0-301F-11D3-BF4B-00C04F79EFBC}") = "OllamaApp.Shared", "..\OllamaApp.Shared\OllamaApp.Shared.csproj", "{F7E50768-BAF1-4AE2-A2F8-338B911C4CEA}"
EndProject
Global
	GlobalSection(SolutionConfigurationPlatforms) = preSolution
		Debug|Any CPU = Debug|Any CPU
		Release|Any CPU = Release|Any CPU
	EndGlobalSection
	GlobalSection(ProjectConfigurationPlatforms) = postSolution
		{B4DEB019-8D6F-40DC-8478-ED64434A137E}.Debug|Any CPU.ActiveCfg = Debug|Any CPU
		{B4DEB019-8D6F-40DC-8478-ED64434A137E}.Debug|Any CPU.Build.0 = Debug|Any CPU
		{B4DEB019-8D6F-40DC-8478-ED64434A137E}.Release|Any CPU.ActiveCfg = Release|Any CPU
		{B4DEB019-8D6F-40DC-8478-ED64434A137E}.Release|Any CPU.Build.0 = Release|Any CPU
		{AD3FD2D4-4A48-4CC3-B389-45E414DCF3D9}.Debug|Any CPU.ActiveCfg = Debug|Any CPU
		{AD3FD2D4-4A48-4CC3-B389-45E414DCF3D9}.Debug|Any CPU.Build.0 = Debug|Any CPU
		{AD3FD2D4-4A48-4CC3-B389-45E414DCF3D9}.Release|Any CPU.ActiveCfg = Release|Any CPU
		{AD3FD2D4-4A48-4CC3-B389-45E414DCF3D9}.Release|Any CPU.Build.0 = Release|Any CPU
		{F7E50768-BAF1-4AE2-A2F8-338B911C4CEA}.Debug|Any CPU.ActiveCfg = Debug|Any CPU
		{F7E50768-BAF1-4AE2-A2F8-338B911C4CEA}.Debug|Any CPU.Build.0 = Debug|Any CPU
		{F7E50768-BAF1-4AE2-A2F8-338B911C4CEA}.Release|Any CPU.ActiveCfg = Release|Any CPU
		{F7E50768-BAF1-4AE2-A2F8-338B911C4CEA}.Release|Any CPU.Build.0 = Release|Any CPU
	EndGlobalSection
	GlobalSection(SolutionProperties) = preSolution
		HideSolutionNode = FALSE
	EndGlobalSection
EndGlobal
